lockfileVersion: '6.0'

settings:
  autoInstallPeers: true
  excludeLinksFromLockfile: false

dependencies:
  phaser:
    specifier: ^3.60.0
    version: 3.60.0

packages:

  /eventemitter3@5.0.1:
    resolution: {integrity: sha512-GWkBvjiSZK87ELrYOSESUYeVIc9mvLLf/nXalMOS5dYrgZq9o5OVkbZAVM06CVxYsCwH9BDZFPlQTlPA1j4ahA==}
    dev: false

  /phaser@3.60.0:
    resolution: {integrity: sha512-IKUy35EnoEVcl2EmJ8WOyK4X8OoxHYdlhZLgRGpNrvD1fEagYffhVmwHcapE/tGiLgyrnezmXIo5RrH2NcrTHw==}
    dependencies:
      eventemitter3: 5.0.1
    dev: false
